
Microsoft Visual Studio Solution File, Format Version 12.00
# Visual Studio Version 17
VisualStudioVersion = 17.8.34330.188
MinimumVisualStudioVersion = 10.0.40219.1
Project("{9A19103F-16F7-4668-BE54-9A1E7A4F7556}") = "DataAccess", "DataAccess\DataAccess.csproj", "{0F95E9A1-4B0D-47D3-978C-168B9CA62428}"
EndProject
Project("{9A19103F-16F7-4668-BE54-9A1E7A4F7556}") = "Shared", "Shared\Shared.csproj", "{EC15EA08-E79E-4FD7-8088-F535E56120A8}"
EndProject
Project("{9A19103F-16F7-4668-BE54-9A1E7A4F7556}") = "ApiUI", "ApiUI\ApiUI.csproj", "{A32A52D4-BB12-425E-BAB1-E3DA94BDFA88}"
EndProject
Project("{9A19103F-16F7-4668-BE54-9A1E7A4F7556}") = "Business", "Business\Business.csproj", "{27C8DA11-13D7-4990-AB06-F8FE3C9BE75E}"
EndProject
Project("{9A19103F-16F7-4668-BE54-9A1E7A4F7556}") = "AdminUI", "AdminUI\AdminUI.csproj", "{6E59EB97-E4FA-44BE-8DE5-FF0BFCC6B127}"
EndProject
Project("{2150E333-8FDC-42A3-9474-1A3956D46DE8}") = "Admin", "Admin", "{B7324E82-EDA9-4A10-9578-68F2D04517DA}"
EndProject
Project("{2150E333-8FDC-42A3-9474-1A3956D46DE8}") = "Api", "Api", "{EBE36447-CCA9-4D96-BC58-B95BCDC51BC8}"
EndProject
Project("{2150E333-8FDC-42A3-9474-1A3956D46DE8}") = "Web", "Web", "{1D4757D4-136F-41B1-BE9E-F2950BCCBD56}"
EndProject
Project("{9A19103F-16F7-4668-BE54-9A1E7A4F7556}") = "ApiAccess", "ApiAccess\ApiAccess.csproj", "{857985B8-6E61-45A9-A416-E7A91B128355}"
EndProject
Project("{9A19103F-16F7-4668-BE54-9A1E7A4F7556}") = "WebUI", "WebUI\WebUI.csproj", "{FCC8BC95-6F30-4FFD-9C79-BAC03A1F96DD}"
EndProject
Global
	GlobalSection(SolutionConfigurationPlatforms) = preSolution
		Debug|Any CPU = Debug|Any CPU
		Release|Any CPU = Release|Any CPU
	EndGlobalSection
	GlobalSection(ProjectConfigurationPlatforms) = postSolution
		{0F95E9A1-4B0D-47D3-978C-168B9CA62428}.Debug|Any CPU.ActiveCfg = Debug|Any CPU
		{0F95E9A1-4B0D-47D3-978C-168B9CA62428}.Debug|Any CPU.Build.0 = Debug|Any CPU
		{0F95E9A1-4B0D-47D3-978C-168B9CA62428}.Release|Any CPU.ActiveCfg = Release|Any CPU
		{0F95E9A1-4B0D-47D3-978C-168B9CA62428}.Release|Any CPU.Build.0 = Release|Any CPU
		{EC15EA08-E79E-4FD7-8088-F535E56120A8}.Debug|Any CPU.ActiveCfg = Debug|Any CPU
		{EC15EA08-E79E-4FD7-8088-F535E56120A8}.Debug|Any CPU.Build.0 = Debug|Any CPU
		{EC15EA08-E79E-4FD7-8088-F535E56120A8}.Release|Any CPU.ActiveCfg = Release|Any CPU
		{EC15EA08-E79E-4FD7-8088-F535E56120A8}.Release|Any CPU.Build.0 = Release|Any CPU
		{A32A52D4-BB12-425E-BAB1-E3DA94BDFA88}.Debug|Any CPU.ActiveCfg = Debug|Any CPU
		{A32A52D4-BB12-425E-BAB1-E3DA94BDFA88}.Debug|Any CPU.Build.0 = Debug|Any CPU
		{A32A52D4-BB12-425E-BAB1-E3DA94BDFA88}.Release|Any CPU.ActiveCfg = Release|Any CPU
		{A32A52D4-BB12-425E-BAB1-E3DA94BDFA88}.Release|Any CPU.Build.0 = Release|Any CPU
		{27C8DA11-13D7-4990-AB06-F8FE3C9BE75E}.Debug|Any CPU.ActiveCfg = Debug|Any CPU
		{27C8DA11-13D7-4990-AB06-F8FE3C9BE75E}.Debug|Any CPU.Build.0 = Debug|Any CPU
		{27C8DA11-13D7-4990-AB06-F8FE3C9BE75E}.Release|Any CPU.ActiveCfg = Release|Any CPU
		{27C8DA11-13D7-4990-AB06-F8FE3C9BE75E}.Release|Any CPU.Build.0 = Release|Any CPU
		{6E59EB97-E4FA-44BE-8DE5-FF0BFCC6B127}.Debug|Any CPU.ActiveCfg = Debug|Any CPU
		{6E59EB97-E4FA-44BE-8DE5-FF0BFCC6B127}.Debug|Any CPU.Build.0 = Debug|Any CPU
		{6E59EB97-E4FA-44BE-8DE5-FF0BFCC6B127}.Release|Any CPU.ActiveCfg = Release|Any CPU
		{6E59EB97-E4FA-44BE-8DE5-FF0BFCC6B127}.Release|Any CPU.Build.0 = Release|Any CPU
		{857985B8-6E61-45A9-A416-E7A91B128355}.Debug|Any CPU.ActiveCfg = Debug|Any CPU
		{857985B8-6E61-45A9-A416-E7A91B128355}.Debug|Any CPU.Build.0 = Debug|Any CPU
		{857985B8-6E61-45A9-A416-E7A91B128355}.Release|Any CPU.ActiveCfg = Release|Any CPU
		{857985B8-6E61-45A9-A416-E7A91B128355}.Release|Any CPU.Build.0 = Release|Any CPU
		{FCC8BC95-6F30-4FFD-9C79-BAC03A1F96DD}.Debug|Any CPU.ActiveCfg = Debug|Any CPU
		{FCC8BC95-6F30-4FFD-9C79-BAC03A1F96DD}.Debug|Any CPU.Build.0 = Debug|Any CPU
		{FCC8BC95-6F30-4FFD-9C79-BAC03A1F96DD}.Release|Any CPU.ActiveCfg = Release|Any CPU
		{FCC8BC95-6F30-4FFD-9C79-BAC03A1F96DD}.Release|Any CPU.Build.0 = Release|Any CPU
	EndGlobalSection
	GlobalSection(SolutionProperties) = preSolution
		HideSolutionNode = FALSE
	EndGlobalSection
	GlobalSection(NestedProjects) = preSolution
		{0F95E9A1-4B0D-47D3-978C-168B9CA62428} = {EBE36447-CCA9-4D96-BC58-B95BCDC51BC8}
		{A32A52D4-BB12-425E-BAB1-E3DA94BDFA88} = {EBE36447-CCA9-4D96-BC58-B95BCDC51BC8}
		{27C8DA11-13D7-4990-AB06-F8FE3C9BE75E} = {EBE36447-CCA9-4D96-BC58-B95BCDC51BC8}
		{6E59EB97-E4FA-44BE-8DE5-FF0BFCC6B127} = {B7324E82-EDA9-4A10-9578-68F2D04517DA}
		{FCC8BC95-6F30-4FFD-9C79-BAC03A1F96DD} = {1D4757D4-136F-41B1-BE9E-F2950BCCBD56}
	EndGlobalSection
	GlobalSection(ExtensibilityGlobals) = postSolution
		SolutionGuid = {10129919-7AE1-4A6C-A42F-E2912F5036B4}
	EndGlobalSection
EndGlobal
